{
  "name": "payment-gateway-xendit",
  "version": "1.0.0",
  "lockfileVersion": 3,
  "requires": true,
  "packages": {
    "": {
      "name": "payment-gateway-xendit",
      "version": "1.0.0",
      "license": "ISC",
      "dependencies": {
        "xendit-node": "^6.0.0"
      }
    },
    "node_modules/xendit-node": {
      "version": "6.0.0",
      "resolved": "https://registry.npmjs.org/xendit-node/-/xendit-node-6.0.0.tgz",
      "integrity": "sha512-Z7ewJNQz9/Wg8i/bYvS1GPTmQDozFFeN+XQfq1R89d7BDmn97H+1bAu1LNRACy/uoP3Vft185DUGMBHQEjgsmg==",
      "engines": {
        "node": ">=18.0.0"
      }
    }
  }
}
